
Microsoft Visual Studio Solution File, Format Version 12.00
# Visual Studio Version 17
VisualStudioVersion = 17.3.32901.215
MinimumVisualStudioVersion = 10.0.40219.1
Project("{FAE04EC0-301F-11D3-BF4B-00C04F79EFBC}") = "TestProject1", "TestProject1.csproj", "{4C1BFDE6-EA25-46EB-B4B6-CD37CF759310}"
EndProject
Project("{9A19103F-16F7-4668-BE54-9A1E7A4F7556}") = "flor", "..\flor\flor\flor.csproj", "{3B5CB8EF-AC7C-46D4-941D-A4741ACC4CA5}"
EndProject
Global
	GlobalSection(SolutionConfigurationPlatforms) = preSolution
		Debug|Any CPU = Debug|Any CPU
		Release|Any CPU = Release|Any CPU
	EndGlobalSection
	GlobalSection(ProjectConfigurationPlatforms) = postSolution
		{4C1BFDE6-EA25-46EB-B4B6-CD37CF759310}.Debug|Any CPU.ActiveCfg = Debug|Any CPU
		{4C1BFDE6-EA25-46EB-B4B6-CD37CF759310}.Debug|Any CPU.Build.0 = Debug|Any CPU
		{4C1BFDE6-EA25-46EB-B4B6-CD37CF759310}.Release|Any CPU.ActiveCfg = Release|Any CPU
		{4C1BFDE6-EA25-46EB-B4B6-CD37CF759310}.Release|Any CPU.Build.0 = Release|Any CPU
		{3B5CB8EF-AC7C-46D4-941D-A4741ACC4CA5}.Debug|Any CPU.ActiveCfg = Debug|Any CPU
		{3B5CB8EF-AC7C-46D4-941D-A4741ACC4CA5}.Debug|Any CPU.Build.0 = Debug|Any CPU
		{3B5CB8EF-AC7C-46D4-941D-A4741ACC4CA5}.Release|Any CPU.ActiveCfg = Release|Any CPU
		{3B5CB8EF-AC7C-46D4-941D-A4741ACC4CA5}.Release|Any CPU.Build.0 = Release|Any CPU
	EndGlobalSection
	GlobalSection(SolutionProperties) = preSolution
		HideSolutionNode = FALSE
	EndGlobalSection
	GlobalSection(ExtensibilityGlobals) = postSolution
		SolutionGuid = {5A0095FC-6DD8-4CC9-9D11-20DA1AC5E2F0}
	EndGlobalSection
EndGlobal
